
Microsoft Visual Studio Solution File, Format Version 12.00
# Visual Studio Version 16
VisualStudioVersion = 16.0.30330.147
MinimumVisualStudioVersion = 10.0.40219.1
Project("{FAE04EC0-301F-11D3-BF4B-00C04F79EFBC}") = "FileUploader", "FileUploader.csproj", "{4894206C-9FCD-4E51-8A8F-F981916191CE}"
EndProject
Global
	GlobalSection(SolutionConfigurationPlatforms) = preSolution
		Debug|Any CPU = Debug|Any CPU
		Release|Any CPU = Release|Any CPU
	EndGlobalSection
	GlobalSection(ProjectConfigurationPlatforms) = postSolution
		{4894206C-9FCD-4E51-8A8F-F981916191CE}.Debug|Any CPU.ActiveCfg = Debug|Any CPU
		{4894206C-9FCD-4E51-8A8F-F981916191CE}.Debug|Any CPU.Build.0 = Debug|Any CPU
		{4894206C-9FCD-4E51-8A8F-F981916191CE}.Release|Any CPU.ActiveCfg = Release|Any CPU
		{4894206C-9FCD-4E51-8A8F-F981916191CE}.Release|Any CPU.Build.0 = Release|Any CPU
	EndGlobalSection
	GlobalSection(SolutionProperties) = preSolution
		HideSolutionNode = FALSE
	EndGlobalSection
	GlobalSection(ExtensibilityGlobals) = postSolution
		SolutionGuid = {96EE01F9-0771-4D4A-8207-10312F518F46}
	EndGlobalSection
EndGlobal
